{
  "version": 4,
  "terraform_version": "1.9.2",
  "serial": 76,
  "lineage": "1e24214c-5d3d-3371-fb04-c57f9baef914",
  "outputs": {},
  "resources": [
    {
      "mode": "managed",
      "type": "google_compute_network",
      "name": "vpc_network",
      "provider": "provider[\"registry.terraform.io/hashicorp/google\"]",
      "instances": [
        {
          "schema_version": 0,
          "attributes": {
            "auto_create_subnetworks": false,
            "delete_default_routes_on_create": false,
            "description": "",
            "enable_ula_internal_ipv6": false,
            "gateway_ipv4": "",
            "id": "projects/engaged-proxy-273800/global/networks/vpc-gke",
            "internal_ipv6_range": "",
            "mtu": 0,
            "name": "vpc-gke",
            "network_firewall_policy_enforcement_order": "AFTER_CLASSIC_FIREWALL",
            "numeric_id": "8537359238972980884",
            "project": "engaged-proxy-273800",
            "routing_mode": "REGIONAL",
            "self_link": "https://www.googleapis.com/compute/v1/projects/engaged-proxy-273800/global/networks/vpc-gke",
            "timeouts": null
          },
          "sensitive_attributes": [],
          "private": "eyJlMmJmYjczMC1lY2FhLTExZTYtOGY4OC0zNDM2M2JjN2M0YzAiOnsiY3JlYXRlIjoxMjAwMDAwMDAwMDAwLCJkZWxldGUiOjEyMDAwMDAwMDAwMDAsInVwZGF0ZSI6MTIwMDAwMDAwMDAwMH19"
        }
      ]
    },
    {
      "mode": "managed",
      "type": "google_compute_subnetwork",
      "name": "subnet",
      "provider": "provider[\"registry.terraform.io/hashicorp/google\"]",
      "instances": [
        {
          "schema_version": 0,
          "attributes": {
            "creation_timestamp": "2025-06-15T19:25:14.405-07:00",
            "description": "",
            "external_ipv6_prefix": "",
            "fingerprint": null,
            "gateway_address": "10.50.0.1",
            "id": "projects/engaged-proxy-273800/regions/us-central1/subnetworks/my-subnet",
            "internal_ipv6_prefix": "",
            "ip_cidr_range": "10.50.0.0/24",
            "ipv6_access_type": "",
            "ipv6_cidr_range": "",
            "log_config": [],
            "name": "my-subnet",
            "network": "https://www.googleapis.com/compute/v1/projects/engaged-proxy-273800/global/networks/vpc-gke",
            "private_ip_google_access": false,
            "private_ipv6_google_access": "DISABLE_GOOGLE_ACCESS",
            "project": "engaged-proxy-273800",
            "purpose": "PRIVATE",
            "region": "us-central1",
            "reserved_internal_range": "",
            "role": "",
            "secondary_ip_range": [],
            "self_link": "https://www.googleapis.com/compute/v1/projects/engaged-proxy-273800/regions/us-central1/subnetworks/my-subnet",
            "send_secondary_ip_range_if_empty": null,
            "stack_type": "IPV4_ONLY",
            "timeouts": null
          },
          "sensitive_attributes": [],
          "private": "eyJlMmJmYjczMC1lY2FhLTExZTYtOGY4OC0zNDM2M2JjN2M0YzAiOnsiY3JlYXRlIjoxMjAwMDAwMDAwMDAwLCJkZWxldGUiOjEyMDAwMDAwMDAwMDAsInVwZGF0ZSI6MTIwMDAwMDAwMDAwMH19",
          "dependencies": [
            "google_compute_network.vpc_network"
          ]
        }
      ]
    },
    {
      "mode": "managed",
      "type": "google_service_account",
      "name": "default",
      "provider": "provider[\"registry.terraform.io/hashicorp/google\"]",
      "instances": [
        {
          "schema_version": 0,
          "attributes": {
            "account_id": "gke-service-account",
            "create_ignore_already_exists": null,
            "description": "",
            "disabled": false,
            "display_name": "gke service account",
            "email": "gke-service-account@engaged-proxy-273800.iam.gserviceaccount.com",
            "id": "projects/engaged-proxy-273800/serviceAccounts/gke-service-account@engaged-proxy-273800.iam.gserviceaccount.com",
            "member": "serviceAccount:gke-service-account@engaged-proxy-273800.iam.gserviceaccount.com",
            "name": "projects/engaged-proxy-273800/serviceAccounts/gke-service-account@engaged-proxy-273800.iam.gserviceaccount.com",
            "project": "engaged-proxy-273800",
            "timeouts": null,
            "unique_id": "102165341863912840579"
          },
          "sensitive_attributes": [],
          "private": "eyJlMmJmYjczMC1lY2FhLTExZTYtOGY4OC0zNDM2M2JjN2M0YzAiOnsiY3JlYXRlIjozMDAwMDAwMDAwMDB9fQ=="
        }
      ]
    },
    {
      "module": "module.cluster_gke",
      "mode": "data",
      "type": "google_client_config",
      "name": "default",
      "provider": "provider[\"registry.terraform.io/hashicorp/google\"]",
      "instances": [
        {
          "schema_version": 0,
          "attributes": {
            "access_token": "ya29.c.c0ASRK0GbUGvY-5qzYWbseRqw0RcI_DajkDjkb_dUYl9RuD377IFi7FFMMfa6NcfheKrJRhTTuj0K-s_D7HVbkBzsWPmz9Ri0VUIGCZIJlkBfJyBgT2D30BR4rIMm7Bz8GyFKraQfVsBhBp_z_1ZcVpXgY3UjR3AACCcWsNVv9zTiJqdadSl6wRjQFYiaIHAh0y7zZ78UIKu5rkWGjFoC_UZPu7L4_ONR5m4PDSLcdHQF0IP2sfEefvXncCwu5TR1PU-KGDdzcVAkDgQ6LZj5fnsN_EqhIftxdENhhcDbRMgH-ZEG-wrVVf9iTWhF2EVs6nvBU4lN25fpBCKsgg5EEGz1S2TI-wKy7t5lQ8YkwyUhFZ1Ow3pESKk1SQYAN388K2Ff3Qyv98XghsztWh5ViF0wOWy_FnM9gnq_byFeYmXpjMOrtWFdqa0biznMr27vVrUUMc7vv97QJOuIVpUkURl-5g18MFwaMxaheh2f5FprVjY9WyrukWWizp7YgFJc0htw1lRkOM-bbZrjSvhvcO-4zoJVaw4B3VFpj3J77d4glp_h2VVmb9fS7e9VdWsRBxvoF-fb82pyaMsom9WSkw8xfZu1n3t6in9pp9uuSu9-OytnrVQZvZ2I0ZBzhy6Y1zw4gFdJu__uvmuFbIy5USJOb5oRRnFVnUkFO9e7d_UUJBUodMJ4iiqVfVY3c4mBzu_zB4fkglU5-W28JxjIXXMXgi991ihgpho2X9Mf0Ug0n5fBcwBZg7BpJZV84JiullqomxOvpizvdw7lccVr4arlf4gYsZ9QBrdB99ZovZbW7xuMsd5acgMcWQ6objB9BmhdRJsz3gbmRFUV7IOzSIwoiskQfqSfMUe53ifOfhx_w_YFus1z2It76ZxZ-J9pj6-ba-9M6I-Yup8yS3SkqbMbY0XQk0OZZzU9WFJo0u95tcFVI8UVhrcft8UpdvYM1yp0M_oz3Yrv5g1zetbcrRbSzB1jMvqO0zxcV864vWYlMV2M1W96218x",
            "default_labels": null,
            "id": "projects/\"engaged-proxy-273800\"/regions/\"us-central1\"/zones/\u003cnull\u003e",
            "project": "engaged-proxy-273800",
            "region": "us-central1",
            "zone": null
          },
          "sensitive_attributes": [
            [
              {
                "type": "get_attr",
                "value": "access_token"
              }
            ]
          ]
        }
      ]
    },
    {
      "module": "module.cluster_gke",
      "mode": "managed",
      "type": "google_container_cluster",
      "name": "cluster",
      "provider": "provider[\"registry.terraform.io/hashicorp/google\"]",
      "instances": [
        {
          "schema_version": 2,
          "attributes": {
            "addons_config": [
              {
                "cloudrun_config": [],
                "config_connector_config": [],
                "dns_cache_config": [],
                "gce_persistent_disk_csi_driver_config": [
                  {
                    "enabled": true
                  }
                ],
                "gcp_filestore_csi_driver_config": [],
                "gcs_fuse_csi_driver_config": [],
                "gke_backup_agent_config": [],
                "horizontal_pod_autoscaling": [],
                "http_load_balancing": [],
                "network_policy_config": [
                  {
                    "disabled": true
                  }
                ],
                "ray_operator_config": [],
                "stateful_ha_config": []
              }
            ],
            "allow_net_admin": null,
            "authenticator_groups_config": [],
            "binary_authorization": [
              {
                "enabled": false,
                "evaluation_mode": ""
              }
            ],
            "cluster_autoscaling": [
              {
                "auto_provisioning_defaults": [],
                "auto_provisioning_locations": [],
                "autoscaling_profile": "BALANCED",
                "enabled": false,
                "resource_limits": []
              }
            ],
            "cluster_ipv4_cidr": "10.20.0.0/14",
            "confidential_nodes": [],
            "cost_management_config": [],
            "database_encryption": [
              {
                "key_name": "",
                "state": "DECRYPTED"
              }
            ],
            "datapath_provider": "",
            "default_max_pods_per_node": 110,
            "default_snat_status": [
              {
                "disabled": false
              }
            ],
            "deletion_protection": false,
            "description": "",
            "dns_config": [],
            "effective_labels": {
              "goog-terraform-provisioned": "true"
            },
            "enable_autopilot": false,
            "enable_cilium_clusterwide_network_policy": false,
            "enable_intranode_visibility": false,
            "enable_k8s_beta_apis": [],
            "enable_kubernetes_alpha": false,
            "enable_l4_ilb_subsetting": false,
            "enable_legacy_abac": false,
            "enable_multi_networking": false,
            "enable_shielded_nodes": true,
            "enable_tpu": false,
            "endpoint": "35.232.20.157",
            "fleet": [],
            "gateway_api_config": [],
            "id": "projects/engaged-proxy-273800/locations/us-central1-a/clusters/gke-test-cluster",
            "identity_service_config": [],
            "initial_node_count": 1,
            "ip_allocation_policy": [
              {
                "additional_pod_ranges_config": [],
                "cluster_ipv4_cidr_block": "10.20.0.0/14",
                "cluster_secondary_range_name": "gke-gke-test-cluster-pods-dbb8dfcf",
                "pod_cidr_overprovision_config": [
                  {
                    "disabled": false
                  }
                ],
                "services_ipv4_cidr_block": "34.118.224.0/20",
                "services_secondary_range_name": "",
                "stack_type": "IPV4"
              }
            ],
            "label_fingerprint": "78cdf2f6",
            "location": "us-central1-a",
            "logging_config": [
              {
                "enable_components": [
                  "SYSTEM_COMPONENTS",
                  "WORKLOADS"
                ]
              }
            ],
            "logging_service": "logging.googleapis.com/kubernetes",
            "maintenance_policy": [],
            "master_auth": [
              {
                "client_certificate": "",
                "client_certificate_config": [
                  {
                    "issue_client_certificate": false
                  }
                ],
                "client_key": "",
                "cluster_ca_certificate": "LS0tLS1CRUdJTiBDRVJUSUZJQ0FURS0tLS0tCk1JSUVMVENDQXBXZ0F3SUJBZ0lSQVBlMkQySFVhSnpRR1ZLczBJQk5SRFF3RFFZSktvWklodmNOQVFFTEJRQXcKTHpFdE1Dc0dBMVVFQXhNa09HSmhOekZoWm1RdE56QmhNeTAwT0RkaExXRXpNVGd0TlRneU5qSTRNMkk0TVROaApNQ0FYRFRJMU1EWXhOakF4TWpVek9Wb1lEekl3TlRVd05qQTVNREl5TlRNNVdqQXZNUzB3S3dZRFZRUURFeVE0ClltRTNNV0ZtWkMwM01HRXpMVFE0TjJFdFlUTXhPQzAxT0RJMk1qZ3pZamd4TTJFd2dnR2lNQTBHQ1NxR1NJYjMKRFFFQkFRVUFBNElCandBd2dnR0tBb0lCZ1FDeVF4NzR0dzJnalhEZ1VodDJvNUhBWmI3TXFkQzJnNysydnhSRgpVOCs0U1RySlY3ZXdmN2NRcjBCTVdteU1VNjI3M2xtUWJFSHo3MHhpWEVhTVQzNkhhd1J4MEpmdFRxanlJT2drCk9ZZnM0MGtFcWxDNWU1TUs0VzBXNGdaNXk2OXFKRWxQazh3YktKL3dzTUxLeEN3M00xVjRGTUxiTm9mL1dRVmwKakFLQ1BZM21YSG5WRWN1ekwzVXZNTFlpMlptS0NodTBZb0ZUMDBWWExTQ2dKcDIxUlNXZ0hFRjNWbnFVeTRncwpjTDRoUG5xZEc1UHkyamVqcmNQWCtCeVNlYnp0c040eW5FSzNKSmc0SnZEZUVrOVJBSUtVbmxEVWN6Y0NhdGRzCkttTHVqYVc3b0VtMkdBbDh0bFA4NVhLa3VxeDFQblB6TkRJMENLaSs0d201NHJqWGY1Q1c0UEZwZlcyNVBYTU8KZENFL2lWTWw4T3pPKzNlR1JBWE1HVmthLzJBZEVxZkJ4ZHJhZkxNQVA5MkhHWGo3aVlra3F0ZHRvV3kyanpubAp4RjIrcDlkU0J2d3RVbnZRRGp6Y1hnSzY4d3dmZkk2bGdncnljQlE5UHl1RlExWk4zRnVpSFlaK0JxVTFMbElaCnorQWZNTklPVXprZlJVMmV3MjhtUzgzK0JDVUNBd0VBQWFOQ01FQXdEZ1lEVlIwUEFRSC9CQVFEQWdJRU1BOEcKQTFVZEV3RUIvd1FGTUFNQkFmOHdIUVlEVlIwT0JCWUVGTkdPaGZ4NHYvUUJUa0UrckJVOHVOUnNuQjAzTUEwRwpDU3FHU0liM0RRRUJDd1VBQTRJQmdRQWtTY2IxMjZnYi9Dc3VkbVdkZ3JhKzZxdkJuaWxCTE1GM0E3aWh2OGEzCmd2SEtSQ2FMckNWMi9ZZUFzUVljK01lblhmRDZpbCtQRjlwc0hpV290VUNEeWkvL1lMaDVtdndMaVh2d0RoVXgKczlLb3NRdnZieCtOLytWWEczQUJvblNwZGVLKzBBZGwwWmdQUzhaRkwxOGc1WkpnNk1lMzNQMHpOTlgyVUFxegpBMFBTYlpQc0VnWWc2YnlaWVBOZWxIYmswSXh5V1RmQmFUU0lCSGxMOFZwNTBEWVF4SHh5Q255SFFCZVpncm01CjN5dVlSd3lkVVVBako4T2FxbEJiMkdpWEhzZTdHaXlVb1JTWlpVemUvQlIyZzNtTncvMEV1bnkvaHc0ZGkyVU8KOERNaXBLOWpIRFVsRHpvL2tCcnlRVlNiWnEzVFM1OGFwbEhUZ2hZd2hIQmc1TXJtU3FUQnhiNVZvV3N4cWNwWAptNzlUYVJjV1djWnU3bk9OdFhyNkt3VDF1bXZ4NzZ3cWtoTVdpUmdmTFZ1SWdDdjBZYjBRZGFmUDd4NmxFQVZHCjg2ZVAvbFRFRG5GQ2dLek1VczNFalpoSnVPTW9PcUpvUzNERDh6SDBTOXBoWXRhbjU2RzR1UXBHVTd1MU5jbm8KY1BJYkllNXh0MDRSeXVudDFVL3Eza0U9Ci0tLS0tRU5EIENFUlRJRklDQVRFLS0tLS0K"
              }
            ],
            "master_authorized_networks_config": [],
            "master_version": "1.32.4-gke.1353003",
            "mesh_certificates": [],
            "min_master_version": null,
            "monitoring_config": [
              {
                "advanced_datapath_observability_config": [
                  {
                    "enable_metrics": false,
                    "enable_relay": false
                  }
                ],
                "enable_components": [
                  "SYSTEM_COMPONENTS",
                  "STORAGE",
                  "HPA",
                  "POD",
                  "DAEMONSET",
                  "DEPLOYMENT",
                  "STATEFULSET",
                  "JOBSET",
                  "CADVISOR",
                  "KUBELET",
                  "DCGM"
                ],
                "managed_prometheus": [
                  {
                    "enabled": true
                  }
                ]
              }
            ],
            "monitoring_service": "monitoring.googleapis.com/kubernetes",
            "name": "gke-test-cluster",
            "network": "projects/engaged-proxy-273800/global/networks/vpc-gke",
            "network_policy": [
              {
                "enabled": false,
                "provider": "PROVIDER_UNSPECIFIED"
              }
            ],
            "networking_mode": "VPC_NATIVE",
            "node_config": [],
            "node_locations": [],
            "node_pool": [],
            "node_pool_auto_config": [
              {
                "network_tags": [],
                "node_kubelet_config": [
                  {
                    "insecure_kubelet_readonly_port_enabled": "FALSE"
                  }
                ],
                "resource_manager_tags": {}
              }
            ],
            "node_pool_defaults": [
              {
                "node_config_defaults": [
                  {
                    "containerd_config": [],
                    "gcfs_config": [],
                    "insecure_kubelet_readonly_port_enabled": "FALSE",
                    "logging_variant": "DEFAULT"
                  }
                ]
              }
            ],
            "node_version": "1.32.4-gke.1353003",
            "notification_config": [
              {
                "pubsub": [
                  {
                    "enabled": false,
                    "filter": [],
                    "topic": ""
                  }
                ]
              }
            ],
            "operation": null,
            "private_cluster_config": [
              {
                "enable_private_endpoint": false,
                "enable_private_nodes": false,
                "master_global_access_config": [
                  {
                    "enabled": false
                  }
                ],
                "master_ipv4_cidr_block": "",
                "peering_name": "",
                "private_endpoint": "10.50.0.2",
                "private_endpoint_subnetwork": "",
                "public_endpoint": "35.232.20.157"
              }
            ],
            "private_ipv6_google_access": "",
            "project": "engaged-proxy-273800",
            "release_channel": [
              {
                "channel": "REGULAR"
              }
            ],
            "remove_default_node_pool": true,
            "resource_labels": null,
            "resource_usage_export_config": [],
            "secret_manager_config": [
              {
                "enabled": false
              }
            ],
            "security_posture_config": [
              {
                "mode": "BASIC",
                "vulnerability_mode": "VULNERABILITY_MODE_UNSPECIFIED"
              }
            ],
            "self_link": "https://container.googleapis.com/v1/projects/engaged-proxy-273800/zones/us-central1-a/clusters/gke-test-cluster",
            "service_external_ips_config": [
              {
                "enabled": false
              }
            ],
            "services_ipv4_cidr": "34.118.224.0/20",
            "subnetwork": "projects/engaged-proxy-273800/regions/us-central1/subnetworks/my-subnet",
            "terraform_labels": {
              "goog-terraform-provisioned": "true"
            },
            "timeouts": null,
            "tpu_ipv4_cidr_block": "",
            "vertical_pod_autoscaling": [],
            "workload_identity_config": [
              {
                "workload_pool": "engaged-proxy-273800.svc.id.goog"
              }
            ]
          },
          "sensitive_attributes": [
            [
              {
                "type": "get_attr",
                "value": "master_auth"
              },
              {
                "type": "index",
                "value": {
                  "value": 0,
                  "type": "number"
                }
              },
              {
                "type": "get_attr",
                "value": "client_key"
              }
            ]
          ],
          "private": "eyJlMmJmYjczMC1lY2FhLTExZTYtOGY4OC0zNDM2M2JjN2M0YzAiOnsiY3JlYXRlIjoyNDAwMDAwMDAwMDAwLCJkZWxldGUiOjI0MDAwMDAwMDAwMDAsInJlYWQiOjI0MDAwMDAwMDAwMDAsInVwZGF0ZSI6MzYwMDAwMDAwMDAwMH0sInNjaGVtYV92ZXJzaW9uIjoiMiJ9",
          "dependencies": [
            "google_compute_network.vpc_network",
            "google_compute_subnetwork.subnet"
          ]
        }
      ]
    },
    {
      "module": "module.cluster_gke",
      "mode": "managed",
      "type": "google_container_node_pool",
      "name": "primary_preemptible_nodes",
      "provider": "provider[\"registry.terraform.io/hashicorp/google\"]",
      "instances": [
        {
          "schema_version": 1,
          "attributes": {
            "autoscaling": [],
            "cluster": "projects/engaged-proxy-273800/locations/us-central1-a/clusters/gke-test-cluster",
            "id": "projects/engaged-proxy-273800/locations/us-central1-a/clusters/gke-test-cluster/nodePools/gke-test-cluster-node-pool",
            "initial_node_count": 3,
            "instance_group_urls": [
              "https://www.googleapis.com/compute/v1/projects/engaged-proxy-273800/zones/us-central1-a/instanceGroupManagers/gke-gke-test-cluster-gke-test-cluster-6953bb67-grp"
            ],
            "location": "us-central1-a",
            "managed_instance_group_urls": [
              "https://www.googleapis.com/compute/v1/projects/engaged-proxy-273800/zones/us-central1-a/instanceGroups/gke-gke-test-cluster-gke-test-cluster-6953bb67-grp"
            ],
            "management": [
              {
                "auto_repair": true,
                "auto_upgrade": true
              }
            ],
            "max_pods_per_node": 110,
            "name": "gke-test-cluster-node-pool",
            "name_prefix": "",
            "network_config": [
              {
                "additional_node_network_configs": [],
                "additional_pod_network_configs": [],
                "create_pod_range": false,
                "enable_private_nodes": false,
                "network_performance_config": [],
                "pod_cidr_overprovision_config": [],
                "pod_ipv4_cidr_block": "10.20.0.0/14",
                "pod_range": "gke-gke-test-cluster-pods-dbb8dfcf"
              }
            ],
            "node_config": [
              {
                "advanced_machine_features": [],
                "boot_disk_kms_key": "",
                "confidential_nodes": [],
                "containerd_config": [],
                "disk_size_gb": 100,
                "disk_type": "pd-balanced",
                "effective_taints": [],
                "enable_confidential_storage": false,
                "ephemeral_storage_local_ssd_config": [],
                "fast_socket": [],
                "gcfs_config": [],
                "guest_accelerator": [],
                "gvnic": [],
                "host_maintenance_policy": [],
                "image_type": "COS_CONTAINERD",
                "kubelet_config": [
                  {
                    "cpu_cfs_quota": false,
                    "cpu_cfs_quota_period": "",
                    "cpu_manager_policy": "",
                    "insecure_kubelet_readonly_port_enabled": "FALSE",
                    "pod_pids_limit": 0
                  }
                ],
                "labels": {},
                "linux_node_config": [],
                "local_nvme_ssd_block_config": [],
                "local_ssd_count": 0,
                "logging_variant": "DEFAULT",
                "machine_type": "e2-medium",
                "metadata": {
                  "disable-legacy-endpoints": "true"
                },
                "min_cpu_platform": "",
                "node_group": "",
                "oauth_scopes": [
                  "https://www.googleapis.com/auth/cloud-platform"
                ],
                "preemptible": false,
                "reservation_affinity": [],
                "resource_labels": {
                  "goog-gke-node-pool-provisioning-model": "on-demand"
                },
                "resource_manager_tags": null,
                "secondary_boot_disks": [],
                "service_account": "gke-service-account@engaged-proxy-273800.iam.gserviceaccount.com",
                "shielded_instance_config": [
                  {
                    "enable_integrity_monitoring": true,
                    "enable_secure_boot": false
                  }
                ],
                "sole_tenant_config": [],
                "spot": false,
                "storage_pools": null,
                "tags": null,
                "taint": [],
                "workload_metadata_config": [
                  {
                    "mode": "GKE_METADATA"
                  }
                ]
              }
            ],
            "node_count": 3,
            "node_locations": [
              "us-central1-a"
            ],
            "operation": null,
            "placement_policy": [],
            "project": "engaged-proxy-273800",
            "queued_provisioning": [],
            "timeouts": null,
            "upgrade_settings": [
              {
                "blue_green_settings": [],
                "max_surge": 1,
                "max_unavailable": 0,
                "strategy": "SURGE"
              }
            ],
            "version": "1.32.4-gke.1353003"
          },
          "sensitive_attributes": [],
          "private": "eyJlMmJmYjczMC1lY2FhLTExZTYtOGY4OC0zNDM2M2JjN2M0YzAiOnsiY3JlYXRlIjoxODAwMDAwMDAwMDAwLCJkZWxldGUiOjE4MDAwMDAwMDAwMDAsInVwZGF0ZSI6MTgwMDAwMDAwMDAwMH0sInNjaGVtYV92ZXJzaW9uIjoiMSJ9",
          "dependencies": [
            "google_compute_network.vpc_network",
            "google_compute_subnetwork.subnet",
            "google_service_account.default",
            "module.cluster_gke.google_container_cluster.cluster"
          ]
        }
      ]
    },
    {
      "module": "module.cluster_gke",
      "mode": "managed",
      "type": "google_project_iam_member",
      "name": "secretmanager_accessor",
      "provider": "provider[\"registry.terraform.io/hashicorp/google\"]",
      "instances": [
        {
          "schema_version": 0,
          "attributes": {
            "condition": [],
            "etag": "BwY3pxsuTN0=",
            "id": "engaged-proxy-273800/roles/secretmanager.secretAccessor/serviceAccount:external-secrets-sa@engaged-proxy-273800.iam.gserviceaccount.com",
            "member": "serviceAccount:external-secrets-sa@engaged-proxy-273800.iam.gserviceaccount.com",
            "project": "engaged-proxy-273800",
            "role": "roles/secretmanager.secretAccessor"
          },
          "sensitive_attributes": [],
          "private": "bnVsbA==",
          "dependencies": [
            "module.cluster_gke.google_service_account.external_secrets_sa"
          ]
        }
      ]
    },
    {
      "module": "module.cluster_gke",
      "mode": "managed",
      "type": "google_project_iam_member",
      "name": "token_creator",
      "provider": "provider[\"registry.terraform.io/hashicorp/google\"]",
      "instances": [
        {
          "schema_version": 0,
          "attributes": {
            "condition": [],
            "etag": "BwY3pxsuTN0=",
            "id": "engaged-proxy-273800/roles/iam.serviceAccountTokenCreator/serviceAccount:external-secrets-sa@engaged-proxy-273800.iam.gserviceaccount.com",
            "member": "serviceAccount:external-secrets-sa@engaged-proxy-273800.iam.gserviceaccount.com",
            "project": "engaged-proxy-273800",
            "role": "roles/iam.serviceAccountTokenCreator"
          },
          "sensitive_attributes": [],
          "private": "bnVsbA==",
          "dependencies": [
            "module.cluster_gke.google_service_account.external_secrets_sa"
          ]
        }
      ]
    },
    {
      "module": "module.cluster_gke",
      "mode": "managed",
      "type": "google_service_account",
      "name": "external_secrets_sa",
      "provider": "provider[\"registry.terraform.io/hashicorp/google\"]",
      "instances": [
        {
          "schema_version": 0,
          "attributes": {
            "account_id": "external-secrets-sa",
            "create_ignore_already_exists": null,
            "description": "",
            "disabled": false,
            "display_name": "External Secrets Service Account for cluster gke-test-cluster",
            "email": "external-secrets-sa@engaged-proxy-273800.iam.gserviceaccount.com",
            "id": "projects/engaged-proxy-273800/serviceAccounts/external-secrets-sa@engaged-proxy-273800.iam.gserviceaccount.com",
            "member": "serviceAccount:external-secrets-sa@engaged-proxy-273800.iam.gserviceaccount.com",
            "name": "projects/engaged-proxy-273800/serviceAccounts/external-secrets-sa@engaged-proxy-273800.iam.gserviceaccount.com",
            "project": "engaged-proxy-273800",
            "timeouts": null,
            "unique_id": "109965396962359061182"
          },
          "sensitive_attributes": [],
          "private": "eyJlMmJmYjczMC1lY2FhLTExZTYtOGY4OC0zNDM2M2JjN2M0YzAiOnsiY3JlYXRlIjozMDAwMDAwMDAwMDB9fQ=="
        }
      ]
    }
  ],
  "check_results": null
}
